
Microsoft Visual Studio Solution File, Format Version 12.00
# Visual Studio Version 17
VisualStudioVersion = 17.2.32408.312
MinimumVisualStudioVersion = 10.0.40219.1
Project("{FAE04EC0-301F-11D3-BF4B-00C04F79EFBC}") = "CheckIP.CLI", "CheckIP.CLI\CheckIP.CLI.csproj", "{4BA51A99-A14B-4A93-ACA1-FD8C27CE8525}"
EndProject
Global
	GlobalSection(SolutionConfigurationPlatforms) = preSolution
		Debug|Any CPU = Debug|Any CPU
		Release|Any CPU = Release|Any CPU
	EndGlobalSection
	GlobalSection(ProjectConfigurationPlatforms) = postSolution
		{4BA51A99-A14B-4A93-ACA1-FD8C27CE8525}.Debug|Any CPU.ActiveCfg = Debug|Any CPU
		{4BA51A99-A14B-4A93-ACA1-FD8C27CE8525}.Debug|Any CPU.Build.0 = Debug|Any CPU
		{4BA51A99-A14B-4A93-ACA1-FD8C27CE8525}.Release|Any CPU.ActiveCfg = Release|Any CPU
		{4BA51A99-A14B-4A93-ACA1-FD8C27CE8525}.Release|Any CPU.Build.0 = Release|Any CPU
	EndGlobalSection
	GlobalSection(SolutionProperties) = preSolution
		HideSolutionNode = FALSE
	EndGlobalSection
	GlobalSection(ExtensibilityGlobals) = postSolution
		SolutionGuid = {3BBC0C94-AF69-4273-8ACB-FBFCCF878B67}
	EndGlobalSection
EndGlobal
