
Microsoft Visual Studio Solution File, Format Version 12.00
# Visual Studio Version 17
VisualStudioVersion = 17.1.32328.378
MinimumVisualStudioVersion = 10.0.40219.1
Project("{9A19103F-16F7-4668-BE54-9A1E7A4F7556}") = "CheckIP", "CheckIP\CheckIP.csproj", "{2CFE2279-B648-45C5-BE54-88968977BBCE}"
EndProject
Project("{C7167F0D-BC9F-4E6E-AFE1-012C56B48DB5}") = "CheckIP.Packaging", "CheckIP.Packaging\CheckIP.Packaging.wapproj", "{F22735B2-E433-4D3A-957E-D8377B7D1ABF}"
EndProject
Global
	GlobalSection(SolutionConfigurationPlatforms) = preSolution
		Debug|Any CPU = Debug|Any CPU
		Debug|ARM = Debug|ARM
		Debug|ARM32 = Debug|ARM32
		Debug|ARM64 = Debug|ARM64
		Debug|x64 = Debug|x64
		Debug|x86 = Debug|x86
		Release|Any CPU = Release|Any CPU
		Release|ARM = Release|ARM
		Release|ARM32 = Release|ARM32
		Release|ARM64 = Release|ARM64
		Release|x64 = Release|x64
		Release|x86 = Release|x86
	EndGlobalSection
	GlobalSection(ProjectConfigurationPlatforms) = postSolution
		{2CFE2279-B648-45C5-BE54-88968977BBCE}.Debug|Any CPU.ActiveCfg = Debug|Any CPU
		{2CFE2279-B648-45C5-BE54-88968977BBCE}.Debug|Any CPU.Build.0 = Debug|Any CPU
		{2CFE2279-B648-45C5-BE54-88968977BBCE}.Debug|ARM.ActiveCfg = Debug|Any CPU
		{2CFE2279-B648-45C5-BE54-88968977BBCE}.Debug|ARM.Build.0 = Debug|Any CPU
		{2CFE2279-B648-45C5-BE54-88968977BBCE}.Debug|ARM32.ActiveCfg = Debug|ARM32
		{2CFE2279-B648-45C5-BE54-88968977BBCE}.Debug|ARM32.Build.0 = Debug|ARM32
		{2CFE2279-B648-45C5-BE54-88968977BBCE}.Debug|ARM64.ActiveCfg = Debug|Any CPU
		{2CFE2279-B648-45C5-BE54-88968977BBCE}.Debug|ARM64.Build.0 = Debug|Any CPU
		{2CFE2279-B648-45C5-BE54-88968977BBCE}.Debug|x64.ActiveCfg = Debug|Any CPU
		{2CFE2279-B648-45C5-BE54-88968977BBCE}.Debug|x64.Build.0 = Debug|Any CPU
		{2CFE2279-B648-45C5-BE54-88968977BBCE}.Debug|x86.ActiveCfg = Debug|Any CPU
		{2CFE2279-B648-45C5-BE54-88968977BBCE}.Debug|x86.Build.0 = Debug|Any CPU
		{2CFE2279-B648-45C5-BE54-88968977BBCE}.Release|Any CPU.ActiveCfg = Release|Any CPU
		{2CFE2279-B648-45C5-BE54-88968977BBCE}.Release|Any CPU.Build.0 = Release|Any CPU
		{2CFE2279-B648-45C5-BE54-88968977BBCE}.Release|ARM.ActiveCfg = Release|ARM32
		{2CFE2279-B648-45C5-BE54-88968977BBCE}.Release|ARM.Build.0 = Release|ARM32
		{2CFE2279-B648-45C5-BE54-88968977BBCE}.Release|ARM32.ActiveCfg = Release|ARM32
		{2CFE2279-B648-45C5-BE54-88968977BBCE}.Release|ARM32.Build.0 = Release|ARM32
		{2CFE2279-B648-45C5-BE54-88968977BBCE}.Release|ARM64.ActiveCfg = Release|ARM64
		{2CFE2279-B648-45C5-BE54-88968977BBCE}.Release|ARM64.Build.0 = Release|ARM64
		{2CFE2279-B648-45C5-BE54-88968977BBCE}.Release|x64.ActiveCfg = Release|x64
		{2CFE2279-B648-45C5-BE54-88968977BBCE}.Release|x64.Build.0 = Release|x64
		{2CFE2279-B648-45C5-BE54-88968977BBCE}.Release|x86.ActiveCfg = Release|x86
		{2CFE2279-B648-45C5-BE54-88968977BBCE}.Release|x86.Build.0 = Release|x86
		{F22735B2-E433-4D3A-957E-D8377B7D1ABF}.Debug|Any CPU.ActiveCfg = Debug|Any CPU
		{F22735B2-E433-4D3A-957E-D8377B7D1ABF}.Debug|Any CPU.Build.0 = Debug|Any CPU
		{F22735B2-E433-4D3A-957E-D8377B7D1ABF}.Debug|Any CPU.Deploy.0 = Debug|Any CPU
		{F22735B2-E433-4D3A-957E-D8377B7D1ABF}.Debug|ARM.ActiveCfg = Debug|ARM
		{F22735B2-E433-4D3A-957E-D8377B7D1ABF}.Debug|ARM.Build.0 = Debug|ARM
		{F22735B2-E433-4D3A-957E-D8377B7D1ABF}.Debug|ARM.Deploy.0 = Debug|ARM
		{F22735B2-E433-4D3A-957E-D8377B7D1ABF}.Debug|ARM32.ActiveCfg = Debug|Any CPU
		{F22735B2-E433-4D3A-957E-D8377B7D1ABF}.Debug|ARM32.Build.0 = Debug|Any CPU
		{F22735B2-E433-4D3A-957E-D8377B7D1ABF}.Debug|ARM32.Deploy.0 = Debug|Any CPU
		{F22735B2-E433-4D3A-957E-D8377B7D1ABF}.Debug|ARM64.ActiveCfg = Debug|ARM64
		{F22735B2-E433-4D3A-957E-D8377B7D1ABF}.Debug|ARM64.Build.0 = Debug|ARM64
		{F22735B2-E433-4D3A-957E-D8377B7D1ABF}.Debug|ARM64.Deploy.0 = Debug|ARM64
		{F22735B2-E433-4D3A-957E-D8377B7D1ABF}.Debug|x64.ActiveCfg = Debug|x64
		{F22735B2-E433-4D3A-957E-D8377B7D1ABF}.Debug|x64.Build.0 = Debug|x64
		{F22735B2-E433-4D3A-957E-D8377B7D1ABF}.Debug|x64.Deploy.0 = Debug|x64
		{F22735B2-E433-4D3A-957E-D8377B7D1ABF}.Debug|x86.ActiveCfg = Debug|x86
		{F22735B2-E433-4D3A-957E-D8377B7D1ABF}.Debug|x86.Build.0 = Debug|x86
		{F22735B2-E433-4D3A-957E-D8377B7D1ABF}.Debug|x86.Deploy.0 = Debug|x86
		{F22735B2-E433-4D3A-957E-D8377B7D1ABF}.Release|Any CPU.ActiveCfg = Release|Any CPU
		{F22735B2-E433-4D3A-957E-D8377B7D1ABF}.Release|Any CPU.Build.0 = Release|Any CPU
		{F22735B2-E433-4D3A-957E-D8377B7D1ABF}.Release|Any CPU.Deploy.0 = Release|Any CPU
		{F22735B2-E433-4D3A-957E-D8377B7D1ABF}.Release|ARM.ActiveCfg = Release|ARM
		{F22735B2-E433-4D3A-957E-D8377B7D1ABF}.Release|ARM.Build.0 = Release|ARM
		{F22735B2-E433-4D3A-957E-D8377B7D1ABF}.Release|ARM.Deploy.0 = Release|ARM
		{F22735B2-E433-4D3A-957E-D8377B7D1ABF}.Release|ARM32.ActiveCfg = Release|ARM
		{F22735B2-E433-4D3A-957E-D8377B7D1ABF}.Release|ARM32.Build.0 = Release|ARM
		{F22735B2-E433-4D3A-957E-D8377B7D1ABF}.Release|ARM32.Deploy.0 = Release|ARM
		{F22735B2-E433-4D3A-957E-D8377B7D1ABF}.Release|ARM64.ActiveCfg = Release|ARM64
		{F22735B2-E433-4D3A-957E-D8377B7D1ABF}.Release|ARM64.Build.0 = Release|ARM64
		{F22735B2-E433-4D3A-957E-D8377B7D1ABF}.Release|ARM64.Deploy.0 = Release|ARM64
		{F22735B2-E433-4D3A-957E-D8377B7D1ABF}.Release|x64.ActiveCfg = Release|x64
		{F22735B2-E433-4D3A-957E-D8377B7D1ABF}.Release|x64.Build.0 = Release|x64
		{F22735B2-E433-4D3A-957E-D8377B7D1ABF}.Release|x64.Deploy.0 = Release|x64
		{F22735B2-E433-4D3A-957E-D8377B7D1ABF}.Release|x86.ActiveCfg = Release|x86
		{F22735B2-E433-4D3A-957E-D8377B7D1ABF}.Release|x86.Build.0 = Release|x86
		{F22735B2-E433-4D3A-957E-D8377B7D1ABF}.Release|x86.Deploy.0 = Release|x86
	EndGlobalSection
	GlobalSection(SolutionProperties) = preSolution
		HideSolutionNode = FALSE
	EndGlobalSection
	GlobalSection(ExtensibilityGlobals) = postSolution
		SolutionGuid = {261A587F-7A61-49C7-8C85-433FD4D0DDA9}
	EndGlobalSection
EndGlobal
